
Microsoft Visual Studio Solution File, Format Version 12.00
Project("{FAE04EC0-301F-11D3-BF4B-00C04F79EFBC}") = "DbModel", "DbModel\DbModel.csproj", "{287072CB-0AD6-487C-9EC5-F5C144C41479}"
EndProject
Project("{FAE04EC0-301F-11D3-BF4B-00C04F79EFBC}") = "ExpenseManagerAPI", "ExpenseManagerAPI\ExpenseManagerAPI.csproj", "{4C3B8A22-A34F-4926-8D57-A1C2B7F41C7D}"
EndProject
Global
	GlobalSection(SolutionConfigurationPlatforms) = preSolution
		Debug|Any CPU = Debug|Any CPU
		Release|Any CPU = Release|Any CPU
	EndGlobalSection
	GlobalSection(ProjectConfigurationPlatforms) = postSolution
		{287072CB-0AD6-487C-9EC5-F5C144C41479}.Debug|Any CPU.ActiveCfg = Debug|Any CPU
		{287072CB-0AD6-487C-9EC5-F5C144C41479}.Debug|Any CPU.Build.0 = Debug|Any CPU
		{287072CB-0AD6-487C-9EC5-F5C144C41479}.Release|Any CPU.ActiveCfg = Release|Any CPU
		{287072CB-0AD6-487C-9EC5-F5C144C41479}.Release|Any CPU.Build.0 = Release|Any CPU
		{4C3B8A22-A34F-4926-8D57-A1C2B7F41C7D}.Debug|Any CPU.ActiveCfg = Debug|Any CPU
		{4C3B8A22-A34F-4926-8D57-A1C2B7F41C7D}.Debug|Any CPU.Build.0 = Debug|Any CPU
		{4C3B8A22-A34F-4926-8D57-A1C2B7F41C7D}.Release|Any CPU.ActiveCfg = Release|Any CPU
		{4C3B8A22-A34F-4926-8D57-A1C2B7F41C7D}.Release|Any CPU.Build.0 = Release|Any CPU
	EndGlobalSection
EndGlobal
